
Microsoft Visual Studio Solution File, Format Version 12.00
# Visual Studio 15
Project("{FAE04EC0-301F-11D3-BF4B-00C04F79EFBC}") = "CodeMonkeyFreeEditor", "CodeMonkeyFreeEditor.csproj", "{2D03F8DC-9A2A-B974-7144-E4B78CDB230E}"
EndProject
Project("{FAE04EC0-301F-11D3-BF4B-00C04F79EFBC}") = "Assembly-CSharp", "Assembly-CSharp.csproj", "{D75637AA-1524-0192-F562-290D7085F3EB}"
EndProject
Project("{FAE04EC0-301F-11D3-BF4B-00C04F79EFBC}") = "Assembly-CSharp-Editor", "Assembly-CSharp-Editor.csproj", "{73A06F94-C1F0-1F2D-3A30-4D17F5B22B9D}"
EndProject
Project("{FAE04EC0-301F-11D3-BF4B-00C04F79EFBC}") = "CodeMonkeyFree", "CodeMonkeyFree.csproj", "{1F85C311-7741-4129-2280-810AEBC258B0}"
EndProject
Global
	GlobalSection(SolutionConfigurationPlatforms) = preSolution
		Debug|Any CPU = Debug|Any CPU
		Release|Any CPU = Release|Any CPU
	EndGlobalSection
	GlobalSection(ProjectConfigurationPlatforms) = postSolution
		{2D03F8DC-9A2A-B974-7144-E4B78CDB230E}.Debug|Any CPU.ActiveCfg = Debug|Any CPU
		{2D03F8DC-9A2A-B974-7144-E4B78CDB230E}.Debug|Any CPU.Build.0 = Debug|Any CPU
		{2D03F8DC-9A2A-B974-7144-E4B78CDB230E}.Release|Any CPU.ActiveCfg = Release|Any CPU
		{2D03F8DC-9A2A-B974-7144-E4B78CDB230E}.Release|Any CPU.Build.0 = Release|Any CPU
		{D75637AA-1524-0192-F562-290D7085F3EB}.Debug|Any CPU.ActiveCfg = Debug|Any CPU
		{D75637AA-1524-0192-F562-290D7085F3EB}.Debug|Any CPU.Build.0 = Debug|Any CPU
		{D75637AA-1524-0192-F562-290D7085F3EB}.Release|Any CPU.ActiveCfg = Release|Any CPU
		{D75637AA-1524-0192-F562-290D7085F3EB}.Release|Any CPU.Build.0 = Release|Any CPU
		{73A06F94-C1F0-1F2D-3A30-4D17F5B22B9D}.Debug|Any CPU.ActiveCfg = Debug|Any CPU
		{73A06F94-C1F0-1F2D-3A30-4D17F5B22B9D}.Debug|Any CPU.Build.0 = Debug|Any CPU
		{73A06F94-C1F0-1F2D-3A30-4D17F5B22B9D}.Release|Any CPU.ActiveCfg = Release|Any CPU
		{73A06F94-C1F0-1F2D-3A30-4D17F5B22B9D}.Release|Any CPU.Build.0 = Release|Any CPU
		{1F85C311-7741-4129-2280-810AEBC258B0}.Debug|Any CPU.ActiveCfg = Debug|Any CPU
		{1F85C311-7741-4129-2280-810AEBC258B0}.Debug|Any CPU.Build.0 = Debug|Any CPU
		{1F85C311-7741-4129-2280-810AEBC258B0}.Release|Any CPU.ActiveCfg = Release|Any CPU
		{1F85C311-7741-4129-2280-810AEBC258B0}.Release|Any CPU.Build.0 = Release|Any CPU
	EndGlobalSection
	GlobalSection(SolutionProperties) = preSolution
		HideSolutionNode = FALSE
	EndGlobalSection
EndGlobal
